
Microsoft Visual Studio Solution File, Format Version 12.00
# Visual Studio Version 17
VisualStudioVersion = 17.13.35828.75 d17.13
MinimumVisualStudioVersion = 10.0.40219.1
Project("{FAE04EC0-301F-11D3-BF4B-00C04F79EFBC}") = "OMOSHIRO", "OMOSHIRO\OMOSHIRO.csproj", "{A5CCDF94-16BE-4C23-B22A-AFFD374A1109}"
EndProject
Global
	GlobalSection(SolutionConfigurationPlatforms) = preSolution
		Debug|Any CPU = Debug|Any CPU
		Release|Any CPU = Release|Any CPU
	EndGlobalSection
	GlobalSection(ProjectConfigurationPlatforms) = postSolution
		{A5CCDF94-16BE-4C23-B22A-AFFD374A1109}.Debug|Any CPU.ActiveCfg = Debug|Any CPU
		{A5CCDF94-16BE-4C23-B22A-AFFD374A1109}.Debug|Any CPU.Build.0 = Debug|Any CPU
		{A5CCDF94-16BE-4C23-B22A-AFFD374A1109}.Release|Any CPU.ActiveCfg = Release|Any CPU
		{A5CCDF94-16BE-4C23-B22A-AFFD374A1109}.Release|Any CPU.Build.0 = Release|Any CPU
	EndGlobalSection
	GlobalSection(SolutionProperties) = preSolution
		HideSolutionNode = FALSE
	EndGlobalSection
	GlobalSection(ExtensibilityGlobals) = postSolution
		SolutionGuid = {BE91902D-58CD-4EDE-AE86-72E6B80E8316}
	EndGlobalSection
EndGlobal
